lockfileVersion: '9.0'

settings:
  autoInstallPeers: true
  excludeLinksFromLockfile: false

importers:

  .:
    dependencies:
      dotenv:
        specifier: ^17.3.1
        version: 17.3.1
      undici:
        specifier: ^7.22.0
        version: 7.22.0
    devDependencies:
      prettier:
        specifier: ^3.3.3
        version: 3.8.1
      typescript:
        specifier: ^5.5.4
        version: 5.9.3

  examples/node-basic:
    dependencies:
      clawspeak:
        specifier: workspace:*
        version: link:../../packages/clawspeak
      dotenv:
        specifier: ^16.4.5
        version: 16.6.1

  packages/clawspeak:
    dependencies:
      undici:
        specifier: ^7.0.0
        version: 7.22.0

  packages/openclaw:
    dependencies:
      clawspeak:
        specifier: workspace:*
        version: link:../clawspeak

packages:

  dotenv@16.6.1:
    resolution: {integrity: sha512-uBq4egWHTcTt33a72vpSG0z3HnPuIl6NqYcTrKEg2azoEyl2hpW0zqlxysq2pK9HlDIHyHyakeYaYnSAwd8bow==}
    engines: {node: '>=12'}

  dotenv@17.3.1:
    resolution: {integrity: sha512-IO8C/dzEb6O3F9/twg6ZLXz164a2fhTnEWb95H23Dm4OuN+92NmEAlTrupP9VW6Jm3sO26tQlqyvyi4CsnY9GA==}
    engines: {node: '>=12'}

  prettier@3.8.1:
    resolution: {integrity: sha512-UOnG6LftzbdaHZcKoPFtOcCKztrQ57WkHDeRD9t/PTQtmT0NHSeWWepj6pS0z/N7+08BHFDQVUrfmfMRcZwbMg==}
    engines: {node: '>=14'}
    hasBin: true

  typescript@5.9.3:
    resolution: {integrity: sha512-jl1vZzPDinLr9eUt3J/t7V6FgNEw9QjvBPdysz9KfQDD41fQrC2Y4vKQdiaUpFT4bXlb1RHhLpp8wtm6M5TgSw==}
    engines: {node: '>=14.17'}
    hasBin: true

  undici@7.22.0:
    resolution: {integrity: sha512-RqslV2Us5BrllB+JeiZnK4peryVTndy9Dnqq62S3yYRRTj0tFQCwEniUy2167skdGOy3vqRzEvl1Dm4sV2ReDg==}
    engines: {node: '>=20.18.1'}

snapshots:

  dotenv@16.6.1: {}

  dotenv@17.3.1: {}

  prettier@3.8.1: {}

  typescript@5.9.3: {}

  undici@7.22.0: {}
